
Microsoft Visual Studio Solution File, Format Version 12.00
# Visual Studio Version 17
VisualStudioVersion = 17.0.32112.339
MinimumVisualStudioVersion = 10.0.40219.1
Project("{FAE04EC0-301F-11D3-BF4B-00C04F79EFBC}") = "Assignment2", "Assignment2.csproj", "{4B83DDBC-6134-4E0F-9ED8-13B407E9C5CB}"
EndProject
Global
	GlobalSection(SolutionConfigurationPlatforms) = preSolution
		Debug|Any CPU = Debug|Any CPU
		Release|Any CPU = Release|Any CPU
	EndGlobalSection
	GlobalSection(ProjectConfigurationPlatforms) = postSolution
		{4B83DDBC-6134-4E0F-9ED8-13B407E9C5CB}.Debug|Any CPU.ActiveCfg = Debug|Any CPU
		{4B83DDBC-6134-4E0F-9ED8-13B407E9C5CB}.Debug|Any CPU.Build.0 = Debug|Any CPU
		{4B83DDBC-6134-4E0F-9ED8-13B407E9C5CB}.Release|Any CPU.ActiveCfg = Release|Any CPU
		{4B83DDBC-6134-4E0F-9ED8-13B407E9C5CB}.Release|Any CPU.Build.0 = Release|Any CPU
	EndGlobalSection
	GlobalSection(SolutionProperties) = preSolution
		HideSolutionNode = FALSE
	EndGlobalSection
	GlobalSection(ExtensibilityGlobals) = postSolution
		SolutionGuid = {258B45AF-7170-4AD4-9462-A604A9C3360B}
	EndGlobalSection
EndGlobal
